
Microsoft Visual Studio Solution File, Format Version 12.00
# Visual Studio Version 17
VisualStudioVersion = 17.14.36301.6
MinimumVisualStudioVersion = 10.0.40219.1
Project("{FAE04EC0-301F-11D3-BF4B-00C04F79EFBC}") = "DataAccessLayer", "DataAccessLayer\DataAccessLayer.csproj", "{A45CB13E-8705-4588-9ACA-ABFA5ECAEF93}"
EndProject
Project("{FAE04EC0-301F-11D3-BF4B-00C04F79EFBC}") = "BusinessLayer", "BusinessLayer\BusinessLayer.csproj", "{6A4633D4-FC48-4369-808D-F24DB2C57312}"
EndProject
Project("{FAE04EC0-301F-11D3-BF4B-00C04F79EFBC}") = "WPFCatLoaf", "WPFCatLoaf\WPFCatLoaf.csproj", "{B4BBBC07-A873-4992-A5FA-1F8E026438EF}"
EndProject
Global
	GlobalSection(SolutionConfigurationPlatforms) = preSolution
		Debug|Any CPU = Debug|Any CPU
		Release|Any CPU = Release|Any CPU
	EndGlobalSection
	GlobalSection(ProjectConfigurationPlatforms) = postSolution
		{A45CB13E-8705-4588-9ACA-ABFA5ECAEF93}.Debug|Any CPU.ActiveCfg = Debug|Any CPU
		{A45CB13E-8705-4588-9ACA-ABFA5ECAEF93}.Debug|Any CPU.Build.0 = Debug|Any CPU
		{A45CB13E-8705-4588-9ACA-ABFA5ECAEF93}.Release|Any CPU.ActiveCfg = Release|Any CPU
		{A45CB13E-8705-4588-9ACA-ABFA5ECAEF93}.Release|Any CPU.Build.0 = Release|Any CPU
		{6A4633D4-FC48-4369-808D-F24DB2C57312}.Debug|Any CPU.ActiveCfg = Debug|Any CPU
		{6A4633D4-FC48-4369-808D-F24DB2C57312}.Debug|Any CPU.Build.0 = Debug|Any CPU
		{6A4633D4-FC48-4369-808D-F24DB2C57312}.Release|Any CPU.ActiveCfg = Release|Any CPU
		{6A4633D4-FC48-4369-808D-F24DB2C57312}.Release|Any CPU.Build.0 = Release|Any CPU
		{B4BBBC07-A873-4992-A5FA-1F8E026438EF}.Debug|Any CPU.ActiveCfg = Debug|Any CPU
		{B4BBBC07-A873-4992-A5FA-1F8E026438EF}.Debug|Any CPU.Build.0 = Debug|Any CPU
		{B4BBBC07-A873-4992-A5FA-1F8E026438EF}.Release|Any CPU.ActiveCfg = Release|Any CPU
		{B4BBBC07-A873-4992-A5FA-1F8E026438EF}.Release|Any CPU.Build.0 = Release|Any CPU
	EndGlobalSection
	GlobalSection(SolutionProperties) = preSolution
		HideSolutionNode = FALSE
	EndGlobalSection
	GlobalSection(ExtensibilityGlobals) = postSolution
		SolutionGuid = {A7BD9B3C-6384-43B0-8934-E4288810532A}
	EndGlobalSection
EndGlobal
